PODS:
  - MetalPerformanceShadersProxy (1.0.0):
    - MetalPerformanceShadersProxy/Stub (= 1.0.0)
  - MetalPerformanceShadersProxy/Stub (1.0.0)

DEPENDENCIES:
  - MetalPerformanceShadersProxy (from `/Users/mathiasclaasen/Developer/MetalPerformanceShadersProxy`)

EXTERNAL SOURCES:
  MetalPerformanceShadersProxy:
    :path: "/Users/mathiasclaasen/Developer/MetalPerformanceShadersProxy"

SPEC CHECKSUMS:
  MetalPerformanceShadersProxy: a0897734213a49cb1803e00aa9ea22439f9b1171

PODFILE CHECKSUM: '086052e820f0435139a4411cea00f4f4630249ef'

COCOAPODS: 1.2.1
