PODS:
  - MetalPerformanceShadersProxy (1.0.0):
    - MetalPerformanceShadersProxy/Stub (= 1.0.0)
  - MetalPerformanceShadersProxy/Stub (1.0.0)

DEPENDENCIES:
  - MetalPerformanceShadersProxy (from `/Users/dernst/Opensource/MetalPerformanceShadersProxy`)

EXTERNAL SOURCES:
  MetalPerformanceShadersProxy:
    :path: "/Users/dernst/Opensource/MetalPerformanceShadersProxy"

SPEC CHECKSUMS:
  MetalPerformanceShadersProxy: a0897734213a49cb1803e00aa9ea22439f9b1171

PODFILE CHECKSUM: 766ca418548b3686e4c8f0753d96e7837d461dd9

COCOAPODS: 1.2.1
